
Microsoft Visual Studio Solution File, Format Version 12.00
# Visual Studio Version 16
VisualStudioVersion = 16.0.29521.150
MinimumVisualStudioVersion = 10.0.40219.1
Project("{8BC9CEB8-8B4A-11D0-8D11-00A0C91BC942}") = "IT STEP C++ Test project", "IT STEP C++ Test project\IT STEP C++ Test project.vcxproj", "{5B832FFC-77AD-4E99-9880-1F429AD7D6A7}"
EndProject
Global
	GlobalSection(SolutionConfigurationPlatforms) = preSolution
		Debug|x64 = Debug|x64
		Debug|x86 = Debug|x86
		Release|x64 = Release|x64
		Release|x86 = Release|x86
	EndGlobalSection
	GlobalSection(ProjectConfigurationPlatforms) = postSolution
		{5B832FFC-77AD-4E99-9880-1F429AD7D6A7}.Debug|x64.ActiveCfg = Debug|x64
		{5B832FFC-77AD-4E99-9880-1F429AD7D6A7}.Debug|x64.Build.0 = Debug|x64
		{5B832FFC-77AD-4E99-9880-1F429AD7D6A7}.Debug|x86.ActiveCfg = Debug|Win32
		{5B832FFC-77AD-4E99-9880-1F429AD7D6A7}.Debug|x86.Build.0 = Debug|Win32
		{5B832FFC-77AD-4E99-9880-1F429AD7D6A7}.Release|x64.ActiveCfg = Release|x64
		{5B832FFC-77AD-4E99-9880-1F429AD7D6A7}.Release|x64.Build.0 = Release|x64
		{5B832FFC-77AD-4E99-9880-1F429AD7D6A7}.Release|x86.ActiveCfg = Release|Win32
		{5B832FFC-77AD-4E99-9880-1F429AD7D6A7}.Release|x86.Build.0 = Release|Win32
	EndGlobalSection
	GlobalSection(SolutionProperties) = preSolution
		HideSolutionNode = FALSE
	EndGlobalSection
	GlobalSection(ExtensibilityGlobals) = postSolution
		SolutionGuid = {7097D426-D192-4631-9672-4AE50829A245}
	EndGlobalSection
EndGlobal
